{
  "object": {
    "pins": [
      {
        "package": "shieldfraud-spm",
        "repositoryURL": "https://github.com/shield-ai-technology/shieldfraud-spm.git",
        "state": {
          "branch": "main",
          "revision": "319aece98b6484a90142fedf3ac9b3935bdf0e52",
          "version": null
        }
      }
    ]
  },
  "version": 1
}
