{
  "object": {
    "pins": [
      {
        "package": "shieldfraud-spm",
        "repositoryURL": "https://github.com/shield-ai-technology/shieldfraud-spm.git",
        "state": {
          "branch": null,
          "revision": "47fa80ab59c290ab649c6c2a223977cc93c4c2b1",
          "version": "1.5.50"
        }
      }
    ]
  },
  "version": 1
}
