{
  "object": {
    "pins": [
      {
        "package": "shieldfraud-spm",
        "repositoryURL": "https://github.com/shield-ai-technology/shieldfraud-spm.git",
        "state": {
          "branch": null,
          "revision": "b91c6fafd85017d4a2d33d18ecd84851a326d18c",
          "version": "1.5.43"
        }
      }
    ]
  },
  "version": 1
}
