{
  "originHash" : "860f6ca15a7e9cc4e8e7610d67e38eca4d320c93a51e01cd1065ad6f7f7b5682",
  "pins" : [
    {
      "identity" : "shieldfraud-spm",
      "kind" : "remoteSourceControl",
      "location" : "https://github.com/shield-ai-technology/shieldfraud-spm.git",
      "state" : {
        "branch" : "main",
        "revision" : "d3c2edb48cdb8dd51aaabaf1f6b119612f48b8b2"
      }
    },
    {
      "identity" : "shieldlocation-spm",
      "kind" : "remoteSourceControl",
      "location" : "https://github.com/rajdeepak27/shieldlocation-spm",
      "state" : {
        "branch" : "main",
        "revision" : "ed7dbe7f4b98d9a77b94ccb80407b7eea397f22f"
      }
    }
  ],
  "version" : 3
}
